
Microsoft Visual Studio Solution File, Format Version 12.00
# Visual Studio Version 17
VisualStudioVersion = 17.0.31903.59
MinimumVisualStudioVersion = 10.0.40219.1
Project("{FAE04EC0-301F-11D3-BF4B-00C04F79EFBC}") = "TicTacToe.Api", "TicTacToe.Api\TicTacToe.Api.csproj", "{206FBDF5-42E8-4B82-8532-92114134C937}"
EndProject
Project("{FAE04EC0-301F-11D3-BF4B-00C04F79EFBC}") = "TicTacToe.Application", "TicTacToe.Application\TicTacToe.Application.csproj", "{7D6CD311-DC50-432D-AF0F-BE2AD04D5920}"
EndProject
Project("{FAE04EC0-301F-11D3-BF4B-00C04F79EFBC}") = "TicTacToe.Infrastructure", "TicTacToe.Infrastructure\TicTacToe.Infrastructure.csproj", "{095555DE-1028-4095-BEE5-49365CF1A38D}"
EndProject
Project("{FAE04EC0-301F-11D3-BF4B-00C04F79EFBC}") = "TicTacToe.Domain", "TicTacToe.Domain\TicTacToe.Domain.csproj", "{56CEC961-DD65-4C31-8A9E-42991D4407F3}"
EndProject
Global
	GlobalSection(SolutionConfigurationPlatforms) = preSolution
		Debug|Any CPU = Debug|Any CPU
		Debug|x64 = Debug|x64
		Debug|x86 = Debug|x86
		Release|Any CPU = Release|Any CPU
		Release|x64 = Release|x64
		Release|x86 = Release|x86
	EndGlobalSection
	GlobalSection(ProjectConfigurationPlatforms) = postSolution
		{206FBDF5-42E8-4B82-8532-92114134C937}.Debug|Any CPU.ActiveCfg = Debug|Any CPU
		{206FBDF5-42E8-4B82-8532-92114134C937}.Debug|Any CPU.Build.0 = Debug|Any CPU
		{206FBDF5-42E8-4B82-8532-92114134C937}.Debug|x64.ActiveCfg = Debug|Any CPU
		{206FBDF5-42E8-4B82-8532-92114134C937}.Debug|x64.Build.0 = Debug|Any CPU
		{206FBDF5-42E8-4B82-8532-92114134C937}.Debug|x86.ActiveCfg = Debug|Any CPU
		{206FBDF5-42E8-4B82-8532-92114134C937}.Debug|x86.Build.0 = Debug|Any CPU
		{206FBDF5-42E8-4B82-8532-92114134C937}.Release|Any CPU.ActiveCfg = Release|Any CPU
		{206FBDF5-42E8-4B82-8532-92114134C937}.Release|Any CPU.Build.0 = Release|Any CPU
		{206FBDF5-42E8-4B82-8532-92114134C937}.Release|x64.ActiveCfg = Release|Any CPU
		{206FBDF5-42E8-4B82-8532-92114134C937}.Release|x64.Build.0 = Release|Any CPU
		{206FBDF5-42E8-4B82-8532-92114134C937}.Release|x86.ActiveCfg = Release|Any CPU
		{206FBDF5-42E8-4B82-8532-92114134C937}.Release|x86.Build.0 = Release|Any CPU
		{7D6CD311-DC50-432D-AF0F-BE2AD04D5920}.Debug|Any CPU.ActiveCfg = Debug|Any CPU
		{7D6CD311-DC50-432D-AF0F-BE2AD04D5920}.Debug|Any CPU.Build.0 = Debug|Any CPU
		{7D6CD311-DC50-432D-AF0F-BE2AD04D5920}.Debug|x64.ActiveCfg = Debug|Any CPU
		{7D6CD311-DC50-432D-AF0F-BE2AD04D5920}.Debug|x64.Build.0 = Debug|Any CPU
		{7D6CD311-DC50-432D-AF0F-BE2AD04D5920}.Debug|x86.ActiveCfg = Debug|Any CPU
		{7D6CD311-DC50-432D-AF0F-BE2AD04D5920}.Debug|x86.Build.0 = Debug|Any CPU
		{7D6CD311-DC50-432D-AF0F-BE2AD04D5920}.Release|Any CPU.ActiveCfg = Release|Any CPU
		{7D6CD311-DC50-432D-AF0F-BE2AD04D5920}.Release|Any CPU.Build.0 = Release|Any CPU
		{7D6CD311-DC50-432D-AF0F-BE2AD04D5920}.Release|x64.ActiveCfg = Release|Any CPU
		{7D6CD311-DC50-432D-AF0F-BE2AD04D5920}.Release|x64.Build.0 = Release|Any CPU
		{7D6CD311-DC50-432D-AF0F-BE2AD04D5920}.Release|x86.ActiveCfg = Release|Any CPU
		{7D6CD311-DC50-432D-AF0F-BE2AD04D5920}.Release|x86.Build.0 = Release|Any CPU
		{095555DE-1028-4095-BEE5-49365CF1A38D}.Debug|Any CPU.ActiveCfg = Debug|Any CPU
		{095555DE-1028-4095-BEE5-49365CF1A38D}.Debug|Any CPU.Build.0 = Debug|Any CPU
		{095555DE-1028-4095-BEE5-49365CF1A38D}.Debug|x64.ActiveCfg = Debug|Any CPU
		{095555DE-1028-4095-BEE5-49365CF1A38D}.Debug|x64.Build.0 = Debug|Any CPU
		{095555DE-1028-4095-BEE5-49365CF1A38D}.Debug|x86.ActiveCfg = Debug|Any CPU
		{095555DE-1028-4095-BEE5-49365CF1A38D}.Debug|x86.Build.0 = Debug|Any CPU
		{095555DE-1028-4095-BEE5-49365CF1A38D}.Release|Any CPU.ActiveCfg = Release|Any CPU
		{095555DE-1028-4095-BEE5-49365CF1A38D}.Release|Any CPU.Build.0 = Release|Any CPU
		{095555DE-1028-4095-BEE5-49365CF1A38D}.Release|x64.ActiveCfg = Release|Any CPU
		{095555DE-1028-4095-BEE5-49365CF1A38D}.Release|x64.Build.0 = Release|Any CPU
		{095555DE-1028-4095-BEE5-49365CF1A38D}.Release|x86.ActiveCfg = Release|Any CPU
		{095555DE-1028-4095-BEE5-49365CF1A38D}.Release|x86.Build.0 = Release|Any CPU
		{56CEC961-DD65-4C31-8A9E-42991D4407F3}.Debug|Any CPU.ActiveCfg = Debug|Any CPU
		{56CEC961-DD65-4C31-8A9E-42991D4407F3}.Debug|Any CPU.Build.0 = Debug|Any CPU
		{56CEC961-DD65-4C31-8A9E-42991D4407F3}.Debug|x64.ActiveCfg = Debug|Any CPU
		{56CEC961-DD65-4C31-8A9E-42991D4407F3}.Debug|x64.Build.0 = Debug|Any CPU
		{56CEC961-DD65-4C31-8A9E-42991D4407F3}.Debug|x86.ActiveCfg = Debug|Any CPU
		{56CEC961-DD65-4C31-8A9E-42991D4407F3}.Debug|x86.Build.0 = Debug|Any CPU
		{56CEC961-DD65-4C31-8A9E-42991D4407F3}.Release|Any CPU.ActiveCfg = Release|Any CPU
		{56CEC961-DD65-4C31-8A9E-42991D4407F3}.Release|Any CPU.Build.0 = Release|Any CPU
		{56CEC961-DD65-4C31-8A9E-42991D4407F3}.Release|x64.ActiveCfg = Release|Any CPU
		{56CEC961-DD65-4C31-8A9E-42991D4407F3}.Release|x64.Build.0 = Release|Any CPU
		{56CEC961-DD65-4C31-8A9E-42991D4407F3}.Release|x86.ActiveCfg = Release|Any CPU
		{56CEC961-DD65-4C31-8A9E-42991D4407F3}.Release|x86.Build.0 = Release|Any CPU
	EndGlobalSection
	GlobalSection(SolutionProperties) = preSolution
		HideSolutionNode = FALSE
	EndGlobalSection
EndGlobal
